
Microsoft Visual Studio Solution File, Format Version 12.00
# Visual Studio 15
VisualStudioVersion = 15.0.28010.2026
MinimumVisualStudioVersion = 10.0.40219.1
Project("{FAE04EC0-301F-11D3-BF4B-00C04F79EFBC}") = "SQL", "SQL\SQL.csproj", "{A7BE4E99-1FAA-4B0E-8418-3895DADE31DD}"
EndProject
Global
	GlobalSection(SolutionConfigurationPlatforms) = preSolution
		Debug|Any CPU = Debug|Any CPU
		Release|Any CPU = Release|Any CPU
	EndGlobalSection
	GlobalSection(ProjectConfigurationPlatforms) = postSolution
		{A7BE4E99-1FAA-4B0E-8418-3895DADE31DD}.Debug|Any CPU.ActiveCfg = Debug|Any CPU
		{A7BE4E99-1FAA-4B0E-8418-3895DADE31DD}.Debug|Any CPU.Build.0 = Debug|Any CPU
		{A7BE4E99-1FAA-4B0E-8418-3895DADE31DD}.Release|Any CPU.ActiveCfg = Release|Any CPU
		{A7BE4E99-1FAA-4B0E-8418-3895DADE31DD}.Release|Any CPU.Build.0 = Release|Any CPU
	EndGlobalSection
	GlobalSection(SolutionProperties) = preSolution
		HideSolutionNode = FALSE
	EndGlobalSection
	GlobalSection(ExtensibilityGlobals) = postSolution
		SolutionGuid = {0ADDA4F8-3CEB-497E-9F3F-E922B2685576}
	EndGlobalSection
EndGlobal
